
Microsoft Visual Studio Solution File, Format Version 12.00
# Visual Studio 2013
VisualStudioVersion = 12.0.30723.0
MinimumVisualStudioVersion = 10.0.40219.1
Project("{2150E333-8FDC-42A3-9474-1A3956D46DE8}") = "nuget", "nuget", "{19C81BF7-2781-44E1-9B4C-C382537FAFC8}"
EndProject
Project("{2150E333-8FDC-42A3-9474-1A3956D46DE8}") = "build", "build", "{09AB3C1E-68F2-40D2-8679-2010584B1EF4}"
EndProject
Project("{2150E333-8FDC-42A3-9474-1A3956D46DE8}") = "src", "src", "{5B676367-6221-4B6A-8B2C-C76A5D048DBE}"
EndProject
Project("{2150E333-8FDC-42A3-9474-1A3956D46DE8}") = "tests", "tests", "{1E529613-1ED4-402A-8E64-B061EBDA9556}"
EndProject
Project("{FAE04EC0-301F-11D3-BF4B-00C04F79EFBC}") = "Xoqal.Globalization", "src\Xoqal.Globalization\Xoqal.Globalization.csproj", "{5F468A52-DC6D-43EE-B287-A31867A21BA8}"
EndProject
Project("{FAE04EC0-301F-11D3-BF4B-00C04F79EFBC}") = "Xoqal.Core", "src\Xoqal.Core\Xoqal.Core.csproj", "{31E2BFDC-C959-42B7-8161-1599811E4EDC}"
EndProject
Project("{FAE04EC0-301F-11D3-BF4B-00C04F79EFBC}") = "Xoqal.Utilities", "src\Xoqal.Utilities\Xoqal.Utilities.csproj", "{0AEE24E2-E1D5-4366-A5AA-E1CC842C8FB6}"
EndProject
Project("{FAE04EC0-301F-11D3-BF4B-00C04F79EFBC}") = "Xoqal.Data.Relational", "src\Xoqal.Data.Relational\Xoqal.Data.Relational.csproj", "{106B7843-BED6-458F-879B-BC0FB3E9D574}"
EndProject
Project("{FAE04EC0-301F-11D3-BF4B-00C04F79EFBC}") = "Xoqal.Data.Relational.EF6", "src\Xoqal.Data.Relational.EF6\Xoqal.Data.Relational.EF6.csproj", "{2FB68773-E107-4C41-B670-3EABF037DA59}"
EndProject
Global
	GlobalSection(SolutionConfigurationPlatforms) = preSolution
		Debug|Any CPU = Debug|Any CPU
		Release|Any CPU = Release|Any CPU
	EndGlobalSection
	GlobalSection(ProjectConfigurationPlatforms) = postSolution
		{5F468A52-DC6D-43EE-B287-A31867A21BA8}.Debug|Any CPU.ActiveCfg = Debug|Any CPU
		{5F468A52-DC6D-43EE-B287-A31867A21BA8}.Debug|Any CPU.Build.0 = Debug|Any CPU
		{5F468A52-DC6D-43EE-B287-A31867A21BA8}.Release|Any CPU.ActiveCfg = Release|Any CPU
		{5F468A52-DC6D-43EE-B287-A31867A21BA8}.Release|Any CPU.Build.0 = Release|Any CPU
		{31E2BFDC-C959-42B7-8161-1599811E4EDC}.Debug|Any CPU.ActiveCfg = Debug|Any CPU
		{31E2BFDC-C959-42B7-8161-1599811E4EDC}.Debug|Any CPU.Build.0 = Debug|Any CPU
		{31E2BFDC-C959-42B7-8161-1599811E4EDC}.Release|Any CPU.ActiveCfg = Release|Any CPU
		{31E2BFDC-C959-42B7-8161-1599811E4EDC}.Release|Any CPU.Build.0 = Release|Any CPU
		{0AEE24E2-E1D5-4366-A5AA-E1CC842C8FB6}.Debug|Any CPU.ActiveCfg = Debug|Any CPU
		{0AEE24E2-E1D5-4366-A5AA-E1CC842C8FB6}.Debug|Any CPU.Build.0 = Debug|Any CPU
		{0AEE24E2-E1D5-4366-A5AA-E1CC842C8FB6}.Release|Any CPU.ActiveCfg = Release|Any CPU
		{0AEE24E2-E1D5-4366-A5AA-E1CC842C8FB6}.Release|Any CPU.Build.0 = Release|Any CPU
		{106B7843-BED6-458F-879B-BC0FB3E9D574}.Debug|Any CPU.ActiveCfg = Debug|Any CPU
		{106B7843-BED6-458F-879B-BC0FB3E9D574}.Debug|Any CPU.Build.0 = Debug|Any CPU
		{106B7843-BED6-458F-879B-BC0FB3E9D574}.Release|Any CPU.ActiveCfg = Release|Any CPU
		{106B7843-BED6-458F-879B-BC0FB3E9D574}.Release|Any CPU.Build.0 = Release|Any CPU
		{2FB68773-E107-4C41-B670-3EABF037DA59}.Debug|Any CPU.ActiveCfg = Debug|Any CPU
		{2FB68773-E107-4C41-B670-3EABF037DA59}.Debug|Any CPU.Build.0 = Debug|Any CPU
		{2FB68773-E107-4C41-B670-3EABF037DA59}.Release|Any CPU.ActiveCfg = Release|Any CPU
		{2FB68773-E107-4C41-B670-3EABF037DA59}.Release|Any CPU.Build.0 = Release|Any CPU
	EndGlobalSection
	GlobalSection(SolutionProperties) = preSolution
		HideSolutionNode = FALSE
	EndGlobalSection
	GlobalSection(NestedProjects) = preSolution
		{5F468A52-DC6D-43EE-B287-A31867A21BA8} = {5B676367-6221-4B6A-8B2C-C76A5D048DBE}
		{31E2BFDC-C959-42B7-8161-1599811E4EDC} = {5B676367-6221-4B6A-8B2C-C76A5D048DBE}
		{0AEE24E2-E1D5-4366-A5AA-E1CC842C8FB6} = {5B676367-6221-4B6A-8B2C-C76A5D048DBE}
		{106B7843-BED6-458F-879B-BC0FB3E9D574} = {5B676367-6221-4B6A-8B2C-C76A5D048DBE}
		{2FB68773-E107-4C41-B670-3EABF037DA59} = {5B676367-6221-4B6A-8B2C-C76A5D048DBE}
	EndGlobalSection
EndGlobal
